
Microsoft Visual Studio Solution File, Format Version 12.00
# Visual Studio 14
VisualStudioVersion = 14.0.25123.0
MinimumVisualStudioVersion = 10.0.40219.1
Project("{FAE04EC0-301F-11D3-BF4B-00C04F79EFBC}") = "ChatRoom", "ChatRoom\ChatRoom.csproj", "{3BABEDB7-4BB3-480D-91D8-011462CB6305}"
EndProject
Project("{FAE04EC0-301F-11D3-BF4B-00C04F79EFBC}") = "Server", "Server\Server.csproj", "{8214CCED-943F-45FA-92D5-E7197F40BEC3}"
EndProject
Global
	GlobalSection(SolutionConfigurationPlatforms) = preSolution
		Debug|Any CPU = Debug|Any CPU
		Release|Any CPU = Release|Any CPU
	EndGlobalSection
	GlobalSection(ProjectConfigurationPlatforms) = postSolution
		{3BABEDB7-4BB3-480D-91D8-011462CB6305}.Debug|Any CPU.ActiveCfg = Debug|Any CPU
		{3BABEDB7-4BB3-480D-91D8-011462CB6305}.Debug|Any CPU.Build.0 = Debug|Any CPU
		{3BABEDB7-4BB3-480D-91D8-011462CB6305}.Release|Any CPU.ActiveCfg = Release|Any CPU
		{3BABEDB7-4BB3-480D-91D8-011462CB6305}.Release|Any CPU.Build.0 = Release|Any CPU
		{8214CCED-943F-45FA-92D5-E7197F40BEC3}.Debug|Any CPU.ActiveCfg = Debug|Any CPU
		{8214CCED-943F-45FA-92D5-E7197F40BEC3}.Debug|Any CPU.Build.0 = Debug|Any CPU
		{8214CCED-943F-45FA-92D5-E7197F40BEC3}.Release|Any CPU.ActiveCfg = Release|Any CPU
		{8214CCED-943F-45FA-92D5-E7197F40BEC3}.Release|Any CPU.Build.0 = Release|Any CPU
	EndGlobalSection
	GlobalSection(SolutionProperties) = preSolution
		HideSolutionNode = FALSE
	EndGlobalSection
EndGlobal
