
Microsoft Visual Studio Solution File, Format Version 12.00
# Visual Studio 14
VisualStudioVersion = 14.0.25123.0
MinimumVisualStudioVersion = 10.0.40219.1
Project("{FAE04EC0-301F-11D3-BF4B-00C04F79EFBC}") = "LibraryManagement", "LibraryManagement\LibraryManagement.csproj", "{EF771139-DEE1-438C-BB29-465D76DE7900}"
EndProject
Global
	GlobalSection(SolutionConfigurationPlatforms) = preSolution
		Debug|Any CPU = Debug|Any CPU
		Release|Any CPU = Release|Any CPU
	EndGlobalSection
	GlobalSection(ProjectConfigurationPlatforms) = postSolution
		{EF771139-DEE1-438C-BB29-465D76DE7900}.Debug|Any CPU.ActiveCfg = Debug|Any CPU
		{EF771139-DEE1-438C-BB29-465D76DE7900}.Debug|Any CPU.Build.0 = Debug|Any CPU
		{EF771139-DEE1-438C-BB29-465D76DE7900}.Release|Any CPU.ActiveCfg = Release|Any CPU
		{EF771139-DEE1-438C-BB29-465D76DE7900}.Release|Any CPU.Build.0 = Release|Any CPU
	EndGlobalSection
	GlobalSection(SolutionProperties) = preSolution
		HideSolutionNode = FALSE
	EndGlobalSection
EndGlobal
